
Microsoft Visual Studio Solution File, Format Version 12.00
# Visual Studio Version 17
VisualStudioVersion = 17.11.35327.3
MinimumVisualStudioVersion = 10.0.40219.1
Project("{FAE04EC0-301F-11D3-BF4B-00C04F79EFBC}") = "csh-recursion-palindrome-nodynamic", "csh-recursion-palindrome-nodynamic.csproj", "{0D435A6E-A67F-4742-AEBA-B46439580645}"
EndProject
Global
	GlobalSection(SolutionConfigurationPlatforms) = preSolution
		Debug|Any CPU = Debug|Any CPU
		Release|Any CPU = Release|Any CPU
	EndGlobalSection
	GlobalSection(ProjectConfigurationPlatforms) = postSolution
		{0D435A6E-A67F-4742-AEBA-B46439580645}.Debug|Any CPU.ActiveCfg = Debug|Any CPU
		{0D435A6E-A67F-4742-AEBA-B46439580645}.Debug|Any CPU.Build.0 = Debug|Any CPU
		{0D435A6E-A67F-4742-AEBA-B46439580645}.Release|Any CPU.ActiveCfg = Release|Any CPU
		{0D435A6E-A67F-4742-AEBA-B46439580645}.Release|Any CPU.Build.0 = Release|Any CPU
	EndGlobalSection
	GlobalSection(SolutionProperties) = preSolution
		HideSolutionNode = FALSE
	EndGlobalSection
	GlobalSection(ExtensibilityGlobals) = postSolution
		SolutionGuid = {4D969723-E37D-4CA9-A840-92B5D79E0255}
	EndGlobalSection
EndGlobal
